{
  "name": "strapdown",
  "version": "0.0.0",
  "lockfileVersion": 2,
  "requires": true,
  "packages": {
    "": {
      "version": "0.0.0",
      "dependencies": {
        "shelljs": "0.0.6"
      },
      "devDependencies": {},
      "engines": {
        "node": "*"
      }
    },
    "node_modules/shelljs": {
      "version": "0.0.6",
      "resolved": "https://registry.npmjs.org/shelljs/-/shelljs-0.0.6.tgz",
      "integrity": "sha1-Q5If17RejeZ2Pwo4Dqt1Czr/5hU=",
      "bin": {
        "shjs": "bin/shjs"
      },
      "engines": {
        "node": "*"
      }
    }
  },
  "dependencies": {
    "shelljs": {
      "version": "0.0.6",
      "resolved": "https://registry.npmjs.org/shelljs/-/shelljs-0.0.6.tgz",
      "integrity": "sha1-Q5If17RejeZ2Pwo4Dqt1Czr/5hU="
    }
  }
}
